# This file is automatically @generated by Cargo.
# It is not intended for manual editing.
version = 3

[[package]]
name = "array-init"
version = "0.0.4"
source = "registry+https://github.com/rust-lang/crates.io-index"
checksum = "23589ecb866b460d3a0f1278834750268c607e8e28a1b982c907219f3178cd72"
dependencies = [
 "nodrop",
]

[[package]]
name = "autocfg"
version = "1.1.0"
source = "registry+https://github.com/rust-lang/crates.io-index"
checksum = "d468802bab17cbc0cc575e9b053f41e72aa36bfa6b7f55e3529ffa43161b97fa"

[[package]]
name = "bit_field"
version = "0.9.0"
source = "registry+https://github.com/rust-lang/crates.io-index"
checksum = "ed8765909f9009617974ab6b7d332625b320b33c326b1e9321382ef1999b5d56"

[[package]]
name = "bitflags"
version = "1.2.1"
source = "registry+https://github.com/rust-lang/crates.io-index"
checksum = "cf1de2fe8c75bc145a2f577add951f8134889b4795d47466a54a5c846d691693"

[[package]]
name = "cast"
version = "0.2.2"
source = "registry+https://github.com/rust-lang/crates.io-index"
checksum = "926013f2860c46252efceabb19f4a6b308197505082c609025aa6706c011d427"

[[package]]
name = "linked_list_allocator"
version = "0.10.2"
source = "registry+https://github.com/rust-lang/crates.io-index"
checksum = "e98908d64cd118e4a3fb26803bd2aef3e7796f1d494517c89b8fea19b92b8c12"
dependencies = [
 "spinning_top",
]

[[package]]
name = "lock_api"
version = "0.4.8"
source = "registry+https://github.com/rust-lang/crates.io-index"
checksum = "9f80bf5aacaf25cbfc8210d1cfb718f2bf3b11c4c54e5afe36c236853a8ec390"
dependencies = [
 "autocfg",
 "scopeguard",
]

[[package]]
name = "nodrop"
version = "0.1.14"
source = "registry+https://github.com/rust-lang/crates.io-index"
checksum = "72ef4a56884ca558e5ddb05a1d1e7e1bfd9a68d9ed024c21704cc98872dae1bb"

[[package]]
name = "pid0"
version = "0.1.0"
dependencies = [
 "linked_list_allocator",
 "symrfp",
 "uart_16550",
]

[[package]]
name = "scopeguard"
version = "1.1.0"
source = "registry+https://github.com/rust-lang/crates.io-index"
checksum = "d29ab0c6d3fc0ee92fe66e2d99f700eab17a8d57d1c1d3b748380fb20baa78cd"

[[package]]
name = "spinning_top"
version = "0.2.4"
source = "registry+https://github.com/rust-lang/crates.io-index"
checksum = "75adad84ee84b521fb2cca2d4fd0f1dab1d8d026bda3c5bea4ca63b5f9f9293c"
dependencies = [
 "lock_api",
]

[[package]]
name = "symrfp"
version = "0.1.0"

[[package]]
name = "uart_16550"
version = "0.2.1"
source = "registry+https://github.com/rust-lang/crates.io-index"
checksum = "803ea8cb602dbb32c1a657a866d2dd79fe7dbeab0fb2ac667cb4dcc7de12a58b"
dependencies = [
 "bitflags",
 "x86_64",
]

[[package]]
name = "ux"
version = "0.1.5"
source = "registry+https://github.com/rust-lang/crates.io-index"
checksum = "2cb3ff47e36907a6267572c1e398ff32ef78ac5131de8aa272e53846592c207e"

[[package]]
name = "x86_64"
version = "0.7.7"
source = "registry+https://github.com/rust-lang/crates.io-index"
checksum = "1f27d9168654aee1b0c1b73746caeb4aa33248f8b8c8f6e100e697fcc2a794b2"
dependencies = [
 "array-init",
 "bit_field",
 "bitflags",
 "cast",
 "ux",
]
